
Microsoft Visual Studio Solution File, Format Version 12.00
# Visual Studio Version 17
VisualStudioVersion = 17.0.31423.177
MinimumVisualStudioVersion = 10.0.40219.1
Project("{FAE04EC0-301F-11D3-BF4B-00C04F79EFBC}") = "Demo.WebApi.SUT", "Demo.WebApi.SUT\Demo.WebApi.SUT.csproj", "{D3C72898-C775-449F-A24C-E15D73706DA9}"
EndProject
Project("{FAE04EC0-301F-11D3-BF4B-00C04F79EFBC}") = "Demo.WebApi.IntegrationTest", "Demo.WebApi.IntegrationTest\Demo.WebApi.IntegrationTest.csproj", "{8C9B169B-DEF3-4397-94F1-4F3CA7CE299E}"
EndProject
Global
	GlobalSection(SolutionConfigurationPlatforms) = preSolution
		Debug|Any CPU = Debug|Any CPU
		Release|Any CPU = Release|Any CPU
	EndGlobalSection
	GlobalSection(ProjectConfigurationPlatforms) = postSolution
		{D3C72898-C775-449F-A24C-E15D73706DA9}.Debug|Any CPU.ActiveCfg = Debug|Any CPU
		{D3C72898-C775-449F-A24C-E15D73706DA9}.Debug|Any CPU.Build.0 = Debug|Any CPU
		{D3C72898-C775-449F-A24C-E15D73706DA9}.Release|Any CPU.ActiveCfg = Release|Any CPU
		{D3C72898-C775-449F-A24C-E15D73706DA9}.Release|Any CPU.Build.0 = Release|Any CPU
		{8C9B169B-DEF3-4397-94F1-4F3CA7CE299E}.Debug|Any CPU.ActiveCfg = Debug|Any CPU
		{8C9B169B-DEF3-4397-94F1-4F3CA7CE299E}.Debug|Any CPU.Build.0 = Debug|Any CPU
		{8C9B169B-DEF3-4397-94F1-4F3CA7CE299E}.Release|Any CPU.ActiveCfg = Release|Any CPU
		{8C9B169B-DEF3-4397-94F1-4F3CA7CE299E}.Release|Any CPU.Build.0 = Release|Any CPU
	EndGlobalSection
	GlobalSection(SolutionProperties) = preSolution
		HideSolutionNode = FALSE
	EndGlobalSection
	GlobalSection(ExtensibilityGlobals) = postSolution
		SolutionGuid = {37FAAC87-39CD-43DC-BFCE-C2A267FC00F3}
	EndGlobalSection
EndGlobal
